
Microsoft Visual Studio Solution File, Format Version 12.00
# Visual Studio Version 17
VisualStudioVersion = 17.0.31919.166
MinimumVisualStudioVersion = 10.0.40219.1
Project("{FAE04EC0-301F-11D3-BF4B-00C04F79EFBC}") = "UC12_PROJETO", "UC12_PROJETO\UC12_PROJETO.csproj", "{939F0C2F-FDDC-4801-A061-EB48FE4F3FFC}"
EndProject
Global
	GlobalSection(SolutionConfigurationPlatforms) = preSolution
		Debug|Any CPU = Debug|Any CPU
		Release|Any CPU = Release|Any CPU
	EndGlobalSection
	GlobalSection(ProjectConfigurationPlatforms) = postSolution
		{939F0C2F-FDDC-4801-A061-EB48FE4F3FFC}.Debug|Any CPU.ActiveCfg = Debug|Any CPU
		{939F0C2F-FDDC-4801-A061-EB48FE4F3FFC}.Debug|Any CPU.Build.0 = Debug|Any CPU
		{939F0C2F-FDDC-4801-A061-EB48FE4F3FFC}.Release|Any CPU.ActiveCfg = Release|Any CPU
		{939F0C2F-FDDC-4801-A061-EB48FE4F3FFC}.Release|Any CPU.Build.0 = Release|Any CPU
	EndGlobalSection
	GlobalSection(SolutionProperties) = preSolution
		HideSolutionNode = FALSE
	EndGlobalSection
	GlobalSection(ExtensibilityGlobals) = postSolution
		SolutionGuid = {2599D0CC-5A02-4B52-B162-042FB3405293}
	EndGlobalSection
EndGlobal
